
Microsoft Visual Studio Solution File, Format Version 12.00
# Visual Studio 15
VisualStudioVersion = 15.0.28307.1000
MinimumVisualStudioVersion = 10.0.40219.1
Project("{FAE04EC0-301F-11D3-BF4B-00C04F79EFBC}") = "Students", "Students\Students.csproj", "{9A94DC03-522C-46B3-9016-8F9B120840AA}"
EndProject
Global
	GlobalSection(SolutionConfigurationPlatforms) = preSolution
		Debug|Any CPU = Debug|Any CPU
		Release|Any CPU = Release|Any CPU
	EndGlobalSection
	GlobalSection(ProjectConfigurationPlatforms) = postSolution
		{9A94DC03-522C-46B3-9016-8F9B120840AA}.Debug|Any CPU.ActiveCfg = Debug|Any CPU
		{9A94DC03-522C-46B3-9016-8F9B120840AA}.Debug|Any CPU.Build.0 = Debug|Any CPU
		{9A94DC03-522C-46B3-9016-8F9B120840AA}.Release|Any CPU.ActiveCfg = Release|Any CPU
		{9A94DC03-522C-46B3-9016-8F9B120840AA}.Release|Any CPU.Build.0 = Release|Any CPU
	EndGlobalSection
	GlobalSection(SolutionProperties) = preSolution
		HideSolutionNode = FALSE
	EndGlobalSection
	GlobalSection(ExtensibilityGlobals) = postSolution
		SolutionGuid = {61A07832-AF18-4936-9CB7-D5EC1AC90AE8}
	EndGlobalSection
EndGlobal
