
Microsoft Visual Studio Solution File, Format Version 12.00
# Visual Studio 15
VisualStudioVersion = 15.0.28010.2016
MinimumVisualStudioVersion = 10.0.40219.1
Project("{F2A71F9B-5D33-465A-A702-920D77279786}") = "FSharp", "FSharp\FSharp.fsproj", "{59F2D26D-86D8-4849-9001-E745D7BA7B2A}"
EndProject
Global
	GlobalSection(SolutionConfigurationPlatforms) = preSolution
		Debug|Any CPU = Debug|Any CPU
		Release|Any CPU = Release|Any CPU
	EndGlobalSection
	GlobalSection(ProjectConfigurationPlatforms) = postSolution
		{59F2D26D-86D8-4849-9001-E745D7BA7B2A}.Debug|Any CPU.ActiveCfg = Debug|Any CPU
		{59F2D26D-86D8-4849-9001-E745D7BA7B2A}.Debug|Any CPU.Build.0 = Debug|Any CPU
		{59F2D26D-86D8-4849-9001-E745D7BA7B2A}.Release|Any CPU.ActiveCfg = Release|Any CPU
		{59F2D26D-86D8-4849-9001-E745D7BA7B2A}.Release|Any CPU.Build.0 = Release|Any CPU
	EndGlobalSection
	GlobalSection(SolutionProperties) = preSolution
		HideSolutionNode = FALSE
	EndGlobalSection
	GlobalSection(ExtensibilityGlobals) = postSolution
		SolutionGuid = {4B38B470-8912-4CA9-AAB0-23D062FE33A5}
	EndGlobalSection
EndGlobal
