
Microsoft Visual Studio Solution File, Format Version 12.00
# Visual Studio Version 16
VisualStudioVersion = 16.0.30011.22
MinimumVisualStudioVersion = 10.0.40219.1
Project("{FAE04EC0-301F-11D3-BF4B-00C04F79EFBC}") = "ARM", "ARM\ARM.csproj", "{0C4391FF-5B3A-46DE-8CC7-27449C165B28}"
EndProject
Global
	GlobalSection(SolutionConfigurationPlatforms) = preSolution
		Debug|Any CPU = Debug|Any CPU
		Release|Any CPU = Release|Any CPU
	EndGlobalSection
	GlobalSection(ProjectConfigurationPlatforms) = postSolution
		{0C4391FF-5B3A-46DE-8CC7-27449C165B28}.Debug|Any CPU.ActiveCfg = Debug|Any CPU
		{0C4391FF-5B3A-46DE-8CC7-27449C165B28}.Debug|Any CPU.Build.0 = Debug|Any CPU
		{0C4391FF-5B3A-46DE-8CC7-27449C165B28}.Release|Any CPU.ActiveCfg = Release|Any CPU
		{0C4391FF-5B3A-46DE-8CC7-27449C165B28}.Release|Any CPU.Build.0 = Release|Any CPU
	EndGlobalSection
	GlobalSection(SolutionProperties) = preSolution
		HideSolutionNode = FALSE
	EndGlobalSection
	GlobalSection(ExtensibilityGlobals) = postSolution
		SolutionGuid = {50415565-886E-4EB9-9E55-DF6FD1F3F171}
	EndGlobalSection
EndGlobal
