
Microsoft Visual Studio Solution File, Format Version 12.00
# Visual Studio 15
VisualStudioVersion = 15.0.28010.2016
MinimumVisualStudioVersion = 10.0.40219.1
Project("{F2A71F9B-5D33-465A-A702-920D77279786}") = "FsharpLab", "FsharpLab\FsharpLab.fsproj", "{40C3C8C4-ABD0-4F61-BCD2-222647367093}"
EndProject
Global
	GlobalSection(SolutionConfigurationPlatforms) = preSolution
		Debug|Any CPU = Debug|Any CPU
		Release|Any CPU = Release|Any CPU
	EndGlobalSection
	GlobalSection(ProjectConfigurationPlatforms) = postSolution
		{40C3C8C4-ABD0-4F61-BCD2-222647367093}.Debug|Any CPU.ActiveCfg = Debug|Any CPU
		{40C3C8C4-ABD0-4F61-BCD2-222647367093}.Debug|Any CPU.Build.0 = Debug|Any CPU
		{40C3C8C4-ABD0-4F61-BCD2-222647367093}.Release|Any CPU.ActiveCfg = Release|Any CPU
		{40C3C8C4-ABD0-4F61-BCD2-222647367093}.Release|Any CPU.Build.0 = Release|Any CPU
	EndGlobalSection
	GlobalSection(SolutionProperties) = preSolution
		HideSolutionNode = FALSE
	EndGlobalSection
	GlobalSection(ExtensibilityGlobals) = postSolution
		SolutionGuid = {AB8557D3-E3EF-46F6-B7D7-098AE576DACD}
	EndGlobalSection
EndGlobal
