
Microsoft Visual Studio Solution File, Format Version 12.00
# Visual Studio Version 16
VisualStudioVersion = 16.0.31515.178
MinimumVisualStudioVersion = 10.0.40219.1
Project("{FAE04EC0-301F-11D3-BF4B-00C04F79EFBC}") = "backpack", "backpack\backpack.csproj", "{AA0DE307-0613-4FD1-BEE4-5BF9761652FC}"
EndProject
Global
	GlobalSection(SolutionConfigurationPlatforms) = preSolution
		Debug|Any CPU = Debug|Any CPU
		Release|Any CPU = Release|Any CPU
	EndGlobalSection
	GlobalSection(ProjectConfigurationPlatforms) = postSolution
		{AA0DE307-0613-4FD1-BEE4-5BF9761652FC}.Debug|Any CPU.ActiveCfg = Debug|Any CPU
		{AA0DE307-0613-4FD1-BEE4-5BF9761652FC}.Debug|Any CPU.Build.0 = Debug|Any CPU
		{AA0DE307-0613-4FD1-BEE4-5BF9761652FC}.Release|Any CPU.ActiveCfg = Release|Any CPU
		{AA0DE307-0613-4FD1-BEE4-5BF9761652FC}.Release|Any CPU.Build.0 = Release|Any CPU
	EndGlobalSection
	GlobalSection(SolutionProperties) = preSolution
		HideSolutionNode = FALSE
	EndGlobalSection
	GlobalSection(ExtensibilityGlobals) = postSolution
		SolutionGuid = {0152527A-A2D3-4550-981B-687DAD77B6D1}
	EndGlobalSection
EndGlobal
