
Microsoft Visual Studio Solution File, Format Version 12.00
# Visual Studio Version 16
VisualStudioVersion = 16.0.31515.178
MinimumVisualStudioVersion = 10.0.40219.1
Project("{FAE04EC0-301F-11D3-BF4B-00C04F79EFBC}") = "Huffman", "Huffman\Huffman.csproj", "{5EB5D169-303D-4823-AD5D-7E63B13AF544}"
EndProject
Global
	GlobalSection(SolutionConfigurationPlatforms) = preSolution
		Debug|Any CPU = Debug|Any CPU
		Release|Any CPU = Release|Any CPU
	EndGlobalSection
	GlobalSection(ProjectConfigurationPlatforms) = postSolution
		{5EB5D169-303D-4823-AD5D-7E63B13AF544}.Debug|Any CPU.ActiveCfg = Debug|Any CPU
		{5EB5D169-303D-4823-AD5D-7E63B13AF544}.Debug|Any CPU.Build.0 = Debug|Any CPU
		{5EB5D169-303D-4823-AD5D-7E63B13AF544}.Release|Any CPU.ActiveCfg = Release|Any CPU
		{5EB5D169-303D-4823-AD5D-7E63B13AF544}.Release|Any CPU.Build.0 = Release|Any CPU
	EndGlobalSection
	GlobalSection(SolutionProperties) = preSolution
		HideSolutionNode = FALSE
	EndGlobalSection
	GlobalSection(ExtensibilityGlobals) = postSolution
		SolutionGuid = {5F4482E6-EDB7-4CE9-8C11-8C4AFF790DF3}
	EndGlobalSection
EndGlobal
